
Microsoft Visual Studio Solution File, Format Version 12.00
# Visual Studio Version 17
VisualStudioVersion = 17.0.32014.148
MinimumVisualStudioVersion = 10.0.40219.1
Project("{FAE04EC0-301F-11D3-BF4B-00C04F79EFBC}") = "Checkout.API", "Checkout.API\Checkout.API.csproj", "{379F71C7-84AD-4D2C-8CF8-C3451B38CAAD}"
EndProject
Project("{FAE04EC0-301F-11D3-BF4B-00C04F79EFBC}") = "Checkout.Entities", "Checkout.Entities\Checkout.Entities.csproj", "{015B0A66-6127-4D3A-8417-EE455A2599B2}"
EndProject
Project("{FAE04EC0-301F-11D3-BF4B-00C04F79EFBC}") = "Checkout.UnitOfWork", "Checkout.UnitOfWork\Checkout.UnitOfWork.csproj", "{9D9827A1-A3FE-448C-AF41-100875EDFC05}"
EndProject
Global
	GlobalSection(SolutionConfigurationPlatforms) = preSolution
		Debug|Any CPU = Debug|Any CPU
		Release|Any CPU = Release|Any CPU
	EndGlobalSection
	GlobalSection(ProjectConfigurationPlatforms) = postSolution
		{379F71C7-84AD-4D2C-8CF8-C3451B38CAAD}.Debug|Any CPU.ActiveCfg = Debug|Any CPU
		{379F71C7-84AD-4D2C-8CF8-C3451B38CAAD}.Debug|Any CPU.Build.0 = Debug|Any CPU
		{379F71C7-84AD-4D2C-8CF8-C3451B38CAAD}.Release|Any CPU.ActiveCfg = Release|Any CPU
		{379F71C7-84AD-4D2C-8CF8-C3451B38CAAD}.Release|Any CPU.Build.0 = Release|Any CPU
		{015B0A66-6127-4D3A-8417-EE455A2599B2}.Debug|Any CPU.ActiveCfg = Debug|Any CPU
		{015B0A66-6127-4D3A-8417-EE455A2599B2}.Debug|Any CPU.Build.0 = Debug|Any CPU
		{015B0A66-6127-4D3A-8417-EE455A2599B2}.Release|Any CPU.ActiveCfg = Release|Any CPU
		{015B0A66-6127-4D3A-8417-EE455A2599B2}.Release|Any CPU.Build.0 = Release|Any CPU
		{9D9827A1-A3FE-448C-AF41-100875EDFC05}.Debug|Any CPU.ActiveCfg = Debug|Any CPU
		{9D9827A1-A3FE-448C-AF41-100875EDFC05}.Debug|Any CPU.Build.0 = Debug|Any CPU
		{9D9827A1-A3FE-448C-AF41-100875EDFC05}.Release|Any CPU.ActiveCfg = Release|Any CPU
		{9D9827A1-A3FE-448C-AF41-100875EDFC05}.Release|Any CPU.Build.0 = Release|Any CPU
	EndGlobalSection
	GlobalSection(SolutionProperties) = preSolution
		HideSolutionNode = FALSE
	EndGlobalSection
	GlobalSection(ExtensibilityGlobals) = postSolution
		SolutionGuid = {8CF16945-8270-4805-967B-4DCA960C61E6}
	EndGlobalSection
EndGlobal
